
Microsoft Visual Studio Solution File, Format Version 12.00
# Visual Studio Version 17
VisualStudioVersion = 17.2.32616.157
MinimumVisualStudioVersion = 10.0.40219.1
Project("{9A19103F-16F7-4668-BE54-9A1E7A4F7556}") = "Variable", "Giraffe\Variable.csproj", "{5180EA08-8E42-4989-807B-50BFE2A1C164}"
EndProject
Global
	GlobalSection(SolutionConfigurationPlatforms) = preSolution
		Debug|Any CPU = Debug|Any CPU
		Release|Any CPU = Release|Any CPU
	EndGlobalSection
	GlobalSection(ProjectConfigurationPlatforms) = postSolution
		{5180EA08-8E42-4989-807B-50BFE2A1C164}.Debug|Any CPU.ActiveCfg = Debug|Any CPU
		{5180EA08-8E42-4989-807B-50BFE2A1C164}.Debug|Any CPU.Build.0 = Debug|Any CPU
		{5180EA08-8E42-4989-807B-50BFE2A1C164}.Release|Any CPU.ActiveCfg = Release|Any CPU
		{5180EA08-8E42-4989-807B-50BFE2A1C164}.Release|Any CPU.Build.0 = Release|Any CPU
	EndGlobalSection
	GlobalSection(SolutionProperties) = preSolution
		HideSolutionNode = FALSE
	EndGlobalSection
	GlobalSection(ExtensibilityGlobals) = postSolution
		SolutionGuid = {57F8FFB1-2513-4CD6-A912-BD10A3D411B0}
	EndGlobalSection
EndGlobal
